github.com/godbus/dbus/v5 v5.2.2 h1:TUR3TgtSVDmjiXOgAAyaZbYmIeP3DPkld3jgKGV8mXQ=
github.com/godbus/dbus/v5 v5.2.2/go.mod h1:3AAv2+hPq5rdnr5txxxRwiGjPXamgoIHgz9FPBfOp3c=
github.com/tbvdm/go-cli v0.1.0 h1:1BoVwYzJjjSG8cjXA2LSKvw0XaSTnjeQ99vps6GHp9s=
github.com/tbvdm/go-cli v0.1.0/go.mod h1:vsnfU50SMtIaSWdA2Am0mTQdvFLAX/pcT4/AWCtJ1E4=
github.com/tbvdm/go-openbsd v0.5.0 h1:K/9ynOtgkNeztdMdvC36iQqjcwfU2xmH218KM1oJiXA=
github.com/tbvdm/go-openbsd v0.5.0/go.mod h1:tQh5h6LFkRrzwLccNKz17L1w8//w5tAmdwSmbqK+F3E=
golang.org/x/crypto v0.49.0 h1:+Ng2ULVvLHnJ/ZFEq4KdcDd/cfjrrjjNSXNzxg0Y4U4=
golang.org/x/crypto v0.49.0/go.mod h1:ErX4dUh2UM+CFYiXZRTcMpEcN8b/1gxEuv3nODoYtCA=
golang.org/x/sys v0.42.0 h1:omrd2nAlyT5ESRdCLYdm3+fMfNFE/+Rf4bDIQImRJeo=
golang.org/x/sys v0.42.0/go.mod h1:4GL1E5IUh+htKOUEOaiffhrAeqysfVGipDYzABqnCmw=
golang.org/x/text v0.35.0 h1:JOVx6vVDFokkpaq1AEptVzLTpDe9KGpj5tR4/X+ybL8=
golang.org/x/text v0.35.0/go.mod h1:khi/HExzZJ2pGnjenulevKNX1W67CUy0AsXcNubPGCA=
