github.com/tbvdm/go-cli v0.1.0 h1:1BoVwYzJjjSG8cjXA2LSKvw0XaSTnjeQ99vps6GHp9s=
github.com/tbvdm/go-cli v0.1.0/go.mod h1:vsnfU50SMtIaSWdA2Am0mTQdvFLAX/pcT4/AWCtJ1E4=
github.com/tbvdm/go-openbsd v0.2.0 h1:rzl11WFQ6JSjxuLvxBPZ9ckU3cWB86YrLahnw39M/o8=
github.com/tbvdm/go-openbsd v0.2.0/go.mod h1:5LUl4gVRmvATlS6G4QneVpt2PHjtCwE4Z6FuGwpEe98=
golang.org/x/crypto v0.19.0 h1:ENy+Az/9Y1vSrlrvBSyna3PITt4tiZLf7sgCjZBX7Wo=
golang.org/x/crypto v0.19.0/go.mod h1:Iy9bg/ha4yyC70EfRS8jz+B6ybOBKMaSxLj6P6oBDfU=
golang.org/x/sys v0.17.0 h1:25cE3gD+tdBA7lp7QfhuV+rJiE9YXTcS3VG1SqssI/Y=
golang.org/x/sys v0.17.0/go.mod h1:/VUhepiaJMQUp4+oa/7Zr1D23ma6VTLIYjOOTFZPUcA=
